
Microsoft Visual Studio Solution File, Format Version 12.00
# Visual Studio 15
VisualStudioVersion = 15.0.28307.539
MinimumVisualStudioVersion = 10.0.40219.1
Project("{FAE04EC0-301F-11D3-BF4B-00C04F79EFBC}") = "Logowanie", "Logowanie\Logowanie.csproj", "{AA30A7D3-3784-4F1E-900B-AC41F3BCBE67}"
EndProject
Global
	GlobalSection(SolutionConfigurationPlatforms) = preSolution
		Debug|Any CPU = Debug|Any CPU
		Release|Any CPU = Release|Any CPU
	EndGlobalSection
	GlobalSection(ProjectConfigurationPlatforms) = postSolution
		{AA30A7D3-3784-4F1E-900B-AC41F3BCBE67}.Debug|Any CPU.ActiveCfg = Debug|Any CPU
		{AA30A7D3-3784-4F1E-900B-AC41F3BCBE67}.Debug|Any CPU.Build.0 = Debug|Any CPU
		{AA30A7D3-3784-4F1E-900B-AC41F3BCBE67}.Release|Any CPU.ActiveCfg = Release|Any CPU
		{AA30A7D3-3784-4F1E-900B-AC41F3BCBE67}.Release|Any CPU.Build.0 = Release|Any CPU
	EndGlobalSection
	GlobalSection(SolutionProperties) = preSolution
		HideSolutionNode = FALSE
	EndGlobalSection
	GlobalSection(ExtensibilityGlobals) = postSolution
		SolutionGuid = {968AC096-DB76-4A50-8AD9-0AAB3A19A088}
	EndGlobalSection
EndGlobal
